
Microsoft Visual Studio Solution File, Format Version 12.00
# Visual Studio 14
VisualStudioVersion = 14.0.25420.1
MinimumVisualStudioVersion = 10.0.40219.1
Project("{2150E333-8FDC-42A3-9474-1A3956D46DE8}") = "main", "main", "{97FC79C8-5B9B-435A-AAAE-1A2CD4CA5C96}"
EndProject
Project("{2150E333-8FDC-42A3-9474-1A3956D46DE8}") = "test", "test", "{E6492F42-1C58-40CC-A82E-732CE92E9FD4}"
EndProject
Project("{8BC9CEB8-8B4A-11D0-8D11-00A0C91BC942}") = "jlang_vm", "projects\vc2015\test\jlang_vm\jlang_vm.vcxproj", "{1D66BE2C-148B-4504-9127-576AA217C914}"
	ProjectSection(ProjectDependencies) = postProject
		{55A43D28-97D5-43C1-B3A7-EE512F093BFF} = {55A43D28-97D5-43C1-B3A7-EE512F093BFF}
	EndProjectSection
EndProject
Project("{8BC9CEB8-8B4A-11D0-8D11-00A0C91BC942}") = "libjlang", "projects\vc2015\main\libjlang\libjlang.vcxproj", "{55A43D28-97D5-43C1-B3A7-EE512F093BFF}"
EndProject
Global
	GlobalSection(SolutionConfigurationPlatforms) = preSolution
		Debug|x64 = Debug|x64
		Debug|x86 = Debug|x86
		Release|x64 = Release|x64
		Release|x86 = Release|x86
	EndGlobalSection
	GlobalSection(ProjectConfigurationPlatforms) = postSolution
		{1D66BE2C-148B-4504-9127-576AA217C914}.Debug|x64.ActiveCfg = Debug|x64
		{1D66BE2C-148B-4504-9127-576AA217C914}.Debug|x64.Build.0 = Debug|x64
		{1D66BE2C-148B-4504-9127-576AA217C914}.Debug|x86.ActiveCfg = Debug|Win32
		{1D66BE2C-148B-4504-9127-576AA217C914}.Debug|x86.Build.0 = Debug|Win32
		{1D66BE2C-148B-4504-9127-576AA217C914}.Release|x64.ActiveCfg = Release|x64
		{1D66BE2C-148B-4504-9127-576AA217C914}.Release|x64.Build.0 = Release|x64
		{1D66BE2C-148B-4504-9127-576AA217C914}.Release|x86.ActiveCfg = Release|Win32
		{1D66BE2C-148B-4504-9127-576AA217C914}.Release|x86.Build.0 = Release|Win32
		{55A43D28-97D5-43C1-B3A7-EE512F093BFF}.Debug|x64.ActiveCfg = Debug|x64
		{55A43D28-97D5-43C1-B3A7-EE512F093BFF}.Debug|x64.Build.0 = Debug|x64
		{55A43D28-97D5-43C1-B3A7-EE512F093BFF}.Debug|x86.ActiveCfg = Debug|Win32
		{55A43D28-97D5-43C1-B3A7-EE512F093BFF}.Debug|x86.Build.0 = Debug|Win32
		{55A43D28-97D5-43C1-B3A7-EE512F093BFF}.Release|x64.ActiveCfg = Release|x64
		{55A43D28-97D5-43C1-B3A7-EE512F093BFF}.Release|x64.Build.0 = Release|x64
		{55A43D28-97D5-43C1-B3A7-EE512F093BFF}.Release|x86.ActiveCfg = Release|Win32
		{55A43D28-97D5-43C1-B3A7-EE512F093BFF}.Release|x86.Build.0 = Release|Win32
	EndGlobalSection
	GlobalSection(SolutionProperties) = preSolution
		HideSolutionNode = FALSE
	EndGlobalSection
	GlobalSection(NestedProjects) = preSolution
		{1D66BE2C-148B-4504-9127-576AA217C914} = {E6492F42-1C58-40CC-A82E-732CE92E9FD4}
		{55A43D28-97D5-43C1-B3A7-EE512F093BFF} = {97FC79C8-5B9B-435A-AAAE-1A2CD4CA5C96}
	EndGlobalSection
EndGlobal
